
Microsoft Visual Studio Solution File, Format Version 12.00
# Visual Studio 15
VisualStudioVersion = 15.0.28010.0
MinimumVisualStudioVersion = 10.0.40219.1
Project("{FAE04EC0-301F-11D3-BF4B-00C04F79EFBC}") = "Packless", "Packless\Packless.csproj", "{959120CD-E585-45CA-A560-2FD61E504F10}"
EndProject
Global
	GlobalSection(SolutionConfigurationPlatforms) = preSolution
		Debug|Any CPU = Debug|Any CPU
		Release|Any CPU = Release|Any CPU
	EndGlobalSection
	GlobalSection(ProjectConfigurationPlatforms) = postSolution
		{959120CD-E585-45CA-A560-2FD61E504F10}.Debug|Any CPU.ActiveCfg = Debug|Any CPU
		{959120CD-E585-45CA-A560-2FD61E504F10}.Debug|Any CPU.Build.0 = Debug|Any CPU
		{959120CD-E585-45CA-A560-2FD61E504F10}.Release|Any CPU.ActiveCfg = Release|Any CPU
		{959120CD-E585-45CA-A560-2FD61E504F10}.Release|Any CPU.Build.0 = Release|Any CPU
	EndGlobalSection
	GlobalSection(SolutionProperties) = preSolution
		HideSolutionNode = FALSE
	EndGlobalSection
	GlobalSection(ExtensibilityGlobals) = postSolution
		SolutionGuid = {54010DCD-AF77-4D74-AE8A-5467D119067B}
	EndGlobalSection
EndGlobal
